
Microsoft Visual Studio Solution File, Format Version 12.00
# Visual Studio Version 16
VisualStudioVersion = 16.0.31624.102
MinimumVisualStudioVersion = 10.0.40219.1
Project("{FAE04EC0-301F-11D3-BF4B-00C04F79EFBC}") = "ProjectManagement", "ProjectManagement\ProjectManagement.csproj", "{40CDE053-6AC4-4752-B41C-E9F501E3F37C}"
EndProject
Project("{FAE04EC0-301F-11D3-BF4B-00C04F79EFBC}") = "DataLayer", "DataLayer\DataLayer.csproj", "{B0BA776E-2D65-4C48-B410-BB736A45D761}"
EndProject
Project("{FAE04EC0-301F-11D3-BF4B-00C04F79EFBC}") = "BusinessLayer", "BusinessLayer\BusinessLayer.csproj", "{7745D30E-9463-4803-84BB-D73BFBF312C8}"
EndProject
Global
	GlobalSection(SolutionConfigurationPlatforms) = preSolution
		Debug|Any CPU = Debug|Any CPU
		Release|Any CPU = Release|Any CPU
	EndGlobalSection
	GlobalSection(ProjectConfigurationPlatforms) = postSolution
		{40CDE053-6AC4-4752-B41C-E9F501E3F37C}.Debug|Any CPU.ActiveCfg = Debug|Any CPU
		{40CDE053-6AC4-4752-B41C-E9F501E3F37C}.Debug|Any CPU.Build.0 = Debug|Any CPU
		{40CDE053-6AC4-4752-B41C-E9F501E3F37C}.Release|Any CPU.ActiveCfg = Release|Any CPU
		{40CDE053-6AC4-4752-B41C-E9F501E3F37C}.Release|Any CPU.Build.0 = Release|Any CPU
		{B0BA776E-2D65-4C48-B410-BB736A45D761}.Debug|Any CPU.ActiveCfg = Debug|Any CPU
		{B0BA776E-2D65-4C48-B410-BB736A45D761}.Debug|Any CPU.Build.0 = Debug|Any CPU
		{B0BA776E-2D65-4C48-B410-BB736A45D761}.Release|Any CPU.ActiveCfg = Release|Any CPU
		{B0BA776E-2D65-4C48-B410-BB736A45D761}.Release|Any CPU.Build.0 = Release|Any CPU
		{7745D30E-9463-4803-84BB-D73BFBF312C8}.Debug|Any CPU.ActiveCfg = Debug|Any CPU
		{7745D30E-9463-4803-84BB-D73BFBF312C8}.Debug|Any CPU.Build.0 = Debug|Any CPU
		{7745D30E-9463-4803-84BB-D73BFBF312C8}.Release|Any CPU.ActiveCfg = Release|Any CPU
		{7745D30E-9463-4803-84BB-D73BFBF312C8}.Release|Any CPU.Build.0 = Release|Any CPU
	EndGlobalSection
	GlobalSection(SolutionProperties) = preSolution
		HideSolutionNode = FALSE
	EndGlobalSection
	GlobalSection(ExtensibilityGlobals) = postSolution
		SolutionGuid = {223E927C-0635-49D5-BD60-3DF046821C46}
	EndGlobalSection
EndGlobal
